// !$*UTF8*$!
{
	archiveVersion = 1;
	classes = {
	};
	objectVersion = 46;
	objects = {

/* Begin PBXBuildFile section */
		77C5A7641CA041A600F161DD /* main.m in Sources */ = {isa = PBXBuildFile; fileRef = 77C5A7631CA041A600F161DD /* main.m */; };
		77C5A7671CA041A600F161DD /* AppDelegate.m in Sources */ = {isa = PBXBuildFile; fileRef = 77C5A7661CA041A600F161DD /* AppDelegate.m */; };
		77C5A76A1CA041A600F161DD /* ViewController.m in Sources */ = {isa = PBXBuildFile; fileRef = 77C5A7691CA041A600F161DD /* ViewController.m */; };
		77C5A76D1CA041A600F161DD /* Main.storyboard in Resources */ = {isa = PBXBuildFile; fileRef = 77C5A76B1CA041A600F161DD /* Main.storyboard */; };
		77C5A76F1CA041A600F161DD /* Assets.xcassets in Resources */ = {isa = PBXBuildFile; fileRef = 77C5A76E1CA041A600F161DD /* Assets.xcassets */; };
		77C5A7721CA041A600F161DD /* LaunchScreen.storyboard in Resources */ = {isa = PBXBuildFile; fileRef = 77C5A7701CA041A600F161DD /* LaunchScreen.storyboard */; };
		77C5A77D1CA041A600F161DD /* dasdTests.m in Sources */ = {isa = PBXBuildFile; fileRef = 77C5A77C1CA041A600F161DD /* dasdTests.m */; };
		77C5A7881CA041A600F161DD /* dasdUITests.m in Sources */ = {isa = PBXBuildFile; fileRef = 77C5A7871CA041A600F161DD /* dasdUITests.m */; };
/* End PBXBuildFile section */

/* Begin PBXContainerItemProxy section */
		77C5A7791CA041A600F161DD /* PBXContainerItemProxy */ = {
			isa = PBXContainerItemProxy;
			containerPortal = 77C5A7571CA041A600F161DD /* Project object */;
			proxyType = 1;
			remoteGlobalIDString = 77C5A75E1CA041A600F161DD;
			remoteInfo = dasd;
		};
		77C5A7841CA041A600F161DD /* PBXContainerItemProxy */ = {
			isa = PBXContainerItemProxy;
			containerPortal = 77C5A7571CA041A600F161DD /* Project object */;
			proxyType = 1;
			remoteGlobalIDString = 77C5A75E1CA041A600F161DD;
			remoteInfo = dasd;
		};
/* End PBXContainerItemProxy section */

/* Begin PBXFileReference section */
		77C5A75F1CA041A600F161DD /* dasd.app */ = {isa = PBXFileReference; explicitFileType = wrapper.application; includeInIndex = 0; path = dasd.app; sourceTree = BUILT_PRODUCTS_DIR; };
		77C5A7631CA041A600F161DD /* main.m */ = {isa = PBXFileReference; lastKnownFileType = sourcecode.c.objc; path = main.m; sourceTree = "<group>"; };
		77C5A7651CA041A600F161DD /* AppDelegate.h */ = {isa = PBXFileReference; lastKnownFileType = sourcecode.c.h; path = AppDelegate.h; sourceTree = "<group>"; };
		77C5A7661CA041A600F161DD /* AppDelegate.m */ = {isa = PBXFileReference; lastKnownFileType = sourcecode.c.objc; path = AppDelegate.m; sourceTree = "<group>"; };
		77C5A7681CA041A600F161DD /* ViewController.h */ = {isa = PBXFileReference; lastKnownFileType = sourcecode.c.h; path = ViewController.h; sourceTree = "<group>"; };
		77C5A7691CA041A600F161DD /* ViewController.m */ = {isa = PBXFileReference; lastKnownFileType = sourcecode.c.objc; path = ViewController.m; sourceTree = "<group>"; };
		77C5A76C1CA041A600F161DD /* Base */ = {isa = PBXFileReference; lastKnownFileType = file.storyboard; name = Base; path = Base.lproj/Main.storyboard; sourceTree = "<group>"; };
		77C5A76E1CA041A600F161DD /* Assets.xcassets */ = {isa = PBXFileReference; lastKnownFileType = folder.assetcatalog; path = Assets.xcassets; sourceTree = "<group>"; };
		77C5A7711CA041A600F161DD /* Base */ = {isa = PBXFileReference; lastKnownFileType = file.storyboard; name = Base; path = Base.lproj/LaunchScreen.storyboard; sourceTree = "<group>"; };
		77C5A7731CA041A600F161DD /* Info.plist */ = {isa = PBXFileReference; lastKnownFileType = text.plist.xml; path = Info.plist; sourceTree = "<group>"; };
		77C5A7781CA041A600F161DD /* dasdTests.xctest */ = {isa = PBXFileReference; explicitFileType = wrapper.cfbundle; includeInIndex = 0; path = dasdTests.xctest; sourceTree = BUILT_PRODUCTS_DIR; };
		77C5A77C1CA041A600F161DD /* dasdTests.m */ = {isa = PBXFileReference; lastKnownFileType = sourcecode.c.objc; path = dasdTests.m; sourceTree = "<group>"; };
		77C5A77E1CA041A600F161DD /* Info.plist */ = {isa = PBXFileReference; lastKnownFileType = text.plist.xml; path = Info.plist; sourceTree = "<group>"; };
		77C5A7831CA041A600F161DD /* dasdUITests.xctest */ = {isa = PBXFileReference; explicitFileType = wrapper.cfbundle; includeInIndex = 0; path = dasdUITests.xctest; sourceTree = BUILT_PRODUCTS_DIR; };
		77C5A7871CA041A600F161DD /* dasdUITests.m */ = {isa = PBXFileReference; lastKnownFileType = sourcecode.c.objc; path = dasdUITests.m; sourceTree = "<group>"; };
		77C5A7891CA041A600F161DD /* Info.plist */ = {isa = PBXFileReference; lastKnownFileType = text.plist.xml; path = Info.plist; sourceTree = "<group>"; };
/* End PBXFileReference section */

/* Begin PBXFrameworksBuildPhase section */
		77C5A75C1CA041A600F161DD /* Frameworks */ = {
			isa = PBXFrameworksBuildPhase;
			buildActionMask = 2147483647;
			files = (
			);
			runOnlyForDeploymentPostprocessing = 0;
		};
		77C5A7751CA041A600F161DD /* Frameworks */ = {
			isa = PBXFrameworksBuildPhase;
			buildActionMask = 2147483647;
			files = (
			);
			runOnlyForDeploymentPostprocessing = 0;
		};
		77C5A7801CA041A600F161DD /* Frameworks */ = {
			isa = PBXFrameworksBuildPhase;
			buildActionMask = 2147483647;
			files = (
			);
			runOnlyForDeploymentPostprocessing = 0;
		};
/* End PBXFrameworksBuildPhase section */

/* Begin PBXGroup section */
		77C5A7561CA041A600F161DD = {
			isa = PBXGroup;
			children = (
				77C5A7611CA041A600F161DD /* dasd */,
				77C5A77B1CA041A600F161DD /* dasdTests */,
				77C5A7861CA041A600F161DD /* dasdUITests */,
				77C5A7601CA041A600F161DD /* Products */,
			);
			sourceTree = "<group>";
		};
		77C5A7601CA041A600F161DD /* Products */ = {
			isa = PBXGroup;
			children = (
				77C5A75F1CA041A600F161DD /* dasd.app */,
				77C5A7781CA041A600F161DD /* dasdTests.xctest */,
				77C5A7831CA041A600F161DD /* dasdUITests.xctest */,
			);
			name = Products;
			sourceTree = "<group>";
		};
		77C5A7611CA041A600F161DD /* dasd */ = {
			isa = PBXGroup;
			children = (
				77C5A7651CA041A600F161DD /* AppDelegate.h */,
				77C5A7661CA041A600F161DD /* AppDelegate.m */,
				77C5A7681CA041A600F161DD /* ViewController.h */,
				77C5A7691CA041A600F161DD /* ViewController.m */,
				77C5A76B1CA041A600F161DD /* Main.storyboard */,
				77C5A76E1CA041A600F161DD /* Assets.xcassets */,
				77C5A7701CA041A600F161DD /* LaunchScreen.storyboard */,
				77C5A7731CA041A600F161DD /* Info.plist */,
				77C5A7621CA041A600F161DD /* Supporting Files */,
			);
			path = dasd;
			sourceTree = "<group>";
		};
		77C5A7621CA041A600F161DD /* Supporting Files */ = {
			isa = PBXGroup;
			children = (
				77C5A7631CA041A600F161DD /* main.m */,
			);
			name = "Supporting Files";
			sourceTree = "<group>";
		};
		77C5A77B1CA041A600F161DD /* dasdTests */ = {
			isa = PBXGroup;
			children = (
				77C5A77C1CA041A600F161DD /* dasdTests.m */,
				77C5A77E1CA041A600F161DD /* Info.plist */,
			);
			path = dasdTests;
			sourceTree = "<group>";
		};
		77C5A7861CA041A600F161DD /* dasdUITests */ = {
			isa = PBXGroup;
			children = (
				77C5A7871CA041A600F161DD /* dasdUITests.m */,
				77C5A7891CA041A600F161DD /* Info.plist */,
			);
			path = dasdUITests;
			sourceTree = "<group>";
		};
/* End PBXGroup section */

/* Begin PBXNativeTarget section */
		77C5A75E1CA041A600F161DD /* dasd */ = {
			isa = PBXNativeTarget;
			buildConfigurationList = 77C5A78C1CA041A600F161DD /* Build configuration list for PBXNativeTarget "dasd" */;
			buildPhases = (
				77C5A75B1CA041A600F161DD /* Sources */,
				77C5A75C1CA041A600F161DD /* Frameworks */,
				77C5A75D1CA041A600F161DD /* Resources */,
			);
			buildRules = (
			);
			dependencies = (
			);
			name = dasd;
			productName = dasd;
			productReference = 77C5A75F1CA041A600F161DD /* dasd.app */;
			productType = "com.apple.product-type.application";
		};
		77C5A7771CA041A600F161DD /* dasdTests */ = {
			isa = PBXNativeTarget;
			buildConfigurationList = 77C5A78F1CA041A600F161DD /* Build configuration list for PBXNativeTarget "dasdTests" */;
			buildPhases = (
				77C5A7741CA041A600F161DD /* Sources */,
				77C5A7751CA041A600F161DD /* Frameworks */,
				77C5A7761CA041A600F161DD /* Resources */,
			);
			buildRules = (
			);
			dependencies = (
				77C5A77A1CA041A600F161DD /* PBXTargetDependency */,
			);
			name = dasdTests;
			productName = dasdTests;
			productReference = 77C5A7781CA041A600F161DD /* dasdTests.xctest */;
			productType = "com.apple.product-type.bundle.unit-test";
		};
		77C5A7821CA041A600F161DD /* dasdUITests */ = {
			isa = PBXNativeTarget;
			buildConfigurationList = 77C5A7921CA041A600F161DD /* Build configuration list for PBXNativeTarget "dasdUITests" */;
			buildPhases = (
				77C5A77F1CA041A600F161DD /* Sources */,
				77C5A7801CA041A600F161DD /* Frameworks */,
				77C5A7811CA041A600F161DD /* Resources */,
			);
			buildRules = (
			);
			dependencies = (
				77C5A7851CA041A600F161DD /* PBXTargetDependency */,
			);
			name = dasdUITests;
			productName = dasdUITests;
			productReference = 77C5A7831CA041A600F161DD /* dasdUITests.xctest */;
			productType = "com.apple.product-type.bundle.ui-testing";
		};
/* End PBXNativeTarget section */

/* Begin PBXProject section */
		77C5A7571CA041A600F161DD /* Project object */ = {
			isa = PBXProject;
			attributes = {
				LastUpgradeCheck = 0720;
				ORGANIZATIONNAME = "诸超杰";
				TargetAttributes = {
					77C5A75E1CA041A600F161DD = {
						CreatedOnToolsVersion = 7.2;
					};
					77C5A7771CA041A600F161DD = {
						CreatedOnToolsVersion = 7.2;
						TestTargetID = 77C5A75E1CA041A600F161DD;
					};
					77C5A7821CA041A600F161DD = {
						CreatedOnToolsVersion = 7.2;
						TestTargetID = 77C5A75E1CA041A600F161DD;
					};
				};
			};
			buildConfigurationList = 77C5A75A1CA041A600F161DD /* Build configuration list for PBXProject "dasd" */;
			compatibilityVersion = "Xcode 3.2";
			developmentRegion = English;
			hasScannedForEncodings = 0;
			knownRegions = (
				en,
				Base,
			);
			mainGroup = 77C5A7561CA041A600F161DD;
			productRefGroup = 77C5A7601CA041A600F161DD /* Products */;
			projectDirPath = "";
			projectRoot = "";
			targets = (
				77C5A75E1CA041A600F161DD /* dasd */,
				77C5A7771CA041A600F161DD /* dasdTests */,
				77C5A7821CA041A600F161DD /* dasdUITests */,
			);
		};
/* End PBXProject section */

/* Begin PBXResourcesBuildPhase section */
		77C5A75D1CA041A600F161DD /* Resources */ = {
			isa = PBXResourcesBuildPhase;
			buildActionMask = 2147483647;
			files = (
				77C5A7721CA041A600F161DD /* LaunchScreen.storyboard in Resources */,
				77C5A76F1CA041A600F161DD /* Assets.xcassets in Resources */,
				77C5A76D1CA041A600F161DD /* Main.storyboard in Resources */,
			);
			runOnlyForDeploymentPostprocessing = 0;
		};
		77C5A7761CA041A600F161DD /* Resources */ = {
			isa = PBXResourcesBuildPhase;
			buildActionMask = 2147483647;
			files = (
			);
			runOnlyForDeploymentPostprocessing = 0;
		};
		77C5A7811CA041A600F161DD /* Resources */ = {
			isa = PBXResourcesBuildPhase;
			buildActionMask = 2147483647;
			files = (
			);
			runOnlyForDeploymentPostprocessing = 0;
		};
/* End PBXResourcesBuildPhase section */

/* Begin PBXSourcesBuildPhase section */
		77C5A75B1CA041A600F161DD /* Sources */ = {
			isa = PBXSourcesBuildPhase;
			buildActionMask = 2147483647;
			files = (
				77C5A76A1CA041A600F161DD /* ViewController.m in Sources */,
				77C5A7671CA041A600F161DD /* AppDelegate.m in Sources */,
				77C5A7641CA041A600F161DD /* main.m in Sources */,
			);
			runOnlyForDeploymentPostprocessing = 0;
		};
		77C5A7741CA041A600F161DD /* Sources */ = {
			isa = PBXSourcesBuildPhase;
			buildActionMask = 2147483647;
			files = (
				77C5A77D1CA041A600F161DD /* dasdTests.m in Sources */,
			);
			runOnlyForDeploymentPostprocessing = 0;
		};
		77C5A77F1CA041A600F161DD /* Sources */ = {
			isa = PBXSourcesBuildPhase;
			buildActionMask = 2147483647;
			files = (
				77C5A7881CA041A600F161DD /* dasdUITests.m in Sources */,
			);
			runOnlyForDeploymentPostprocessing = 0;
		};
/* End PBXSourcesBuildPhase section */

/* Begin PBXTargetDependency section */
		77C5A77A1CA041A600F161DD /* PBXTargetDependency */ = {
			isa = PBXTargetDependency;
			target = 77C5A75E1CA041A600F161DD /* dasd */;
			targetProxy = 77C5A7791CA041A600F161DD /* PBXContainerItemProxy */;
		};
		77C5A7851CA041A600F161DD /* PBXTargetDependency */ = {
			isa = PBXTargetDependency;
			target = 77C5A75E1CA041A600F161DD /* dasd */;
			targetProxy = 77C5A7841CA041A600F161DD /* PBXContainerItemProxy */;
		};
/* End PBXTargetDependency section */

/* Begin PBXVariantGroup section */
		77C5A76B1CA041A600F161DD /* Main.storyboard */ = {
			isa = PBXVariantGroup;
			children = (
				77C5A76C1CA041A600F161DD /* Base */,
			);
			name = Main.storyboard;
			sourceTree = "<group>";
		};
		77C5A7701CA041A600F161DD /* LaunchScreen.storyboard */ = {
			isa = PBXVariantGroup;
			children = (
				77C5A7711CA041A600F161DD /* Base */,
			);
			name = LaunchScreen.storyboard;
			sourceTree = "<group>";
		};
/* End PBXVariantGroup section */

/* Begin XCBuildConfiguration section */
		77C5A78A1CA041A600F161DD /* Debug */ = {
			isa = XCBuildConfiguration;
			buildSettings = {
				ALWAYS_SEARCH_USER_PATHS = NO;
				CLANG_CXX_LANGUAGE_STANDARD = "gnu++0x";
				CLANG_CXX_LIBRARY = "libc++";
				CLANG_ENABLE_MODULES = YES;
				CLANG_ENABLE_OBJC_ARC = YES;
				CLANG_WARN_BOOL_CONVERSION = YES;
				CLANG_WARN_CONSTANT_CONVERSION = YES;
				CLANG_WARN_DIRECT_OBJC_ISA_USAGE = YES_ERROR;
				CLANG_WARN_EMPTY_BODY = YES;
				CLANG_WARN_ENUM_CONVERSION = YES;
				CLANG_WARN_INT_CONVERSION = YES;
				CLANG_WARN_OBJC_ROOT_CLASS = YES_ERROR;
				CLANG_WARN_UNREACHABLE_CODE = YES;
				CLANG_WARN__DUPLICATE_METHOD_MATCH = YES;
				"CODE_SIGN_IDENTITY[sdk=iphoneos*]" = "iPhone Developer";
				COPY_PHASE_STRIP = NO;
				DEBUG_INFORMATION_FORMAT = dwarf;
				ENABLE_STRICT_OBJC_MSGSEND = YES;
				ENABLE_TESTABILITY = YES;
				GCC_C_LANGUAGE_STANDARD = gnu99;
				GCC_DYNAMIC_NO_PIC = NO;
				GCC_NO_COMMON_BLOCKS = YES;
				GCC_OPTIMIZATION_LEVEL = 0;
				GCC_PREPROCESSOR_DEFINITIONS = (
					"DEBUG=1",
					"$(inherited)",
				);
				GCC_WARN_64_TO_32_BIT_CONVERSION = YES;
				GCC_WARN_ABOUT_RETURN_TYPE = YES_ERROR;
				GCC_WARN_UNDECLARED_SELECTOR = YES;
				GCC_WARN_UNINITIALIZED_AUTOS = YES_AGGRESSIVE;
				GCC_WARN_UNUSED_FUNCTION = YES;
				GCC_WARN_UNUSED_VARIABLE = YES;
				IPHONEOS_DEPLOYMENT_TARGET = 9.2;
				MTL_ENABLE_DEBUG_INFO = YES;
				ONLY_ACTIVE_ARCH = YES;
				SDKROOT = iphoneos;
				TARGETED_DEVICE_FAMILY = "1,2";
			};
			name = Debug;
		};
		77C5A78B1CA041A600F161DD /* Release */ = {
			isa = XCBuildConfiguration;
			buildSettings = {
				ALWAYS_SEARCH_USER_PATHS = NO;
				CLANG_CXX_LANGUAGE_STANDARD = "gnu++0x";
				CLANG_CXX_LIBRARY = "libc++";
				CLANG_ENABLE_MODULES = YES;
				CLANG_ENABLE_OBJC_ARC = YES;
				CLANG_WARN_BOOL_CONVERSION = YES;
				CLANG_WARN_CONSTANT_CONVERSION = YES;
				CLANG_WARN_DIRECT_OBJC_ISA_USAGE = YES_ERROR;
				CLANG_WARN_EMPTY_BODY = YES;
				CLANG_WARN_ENUM_CONVERSION = YES;
				CLANG_WARN_INT_CONVERSION = YES;
				CLANG_WARN_OBJC_ROOT_CLASS = YES_ERROR;
				CLANG_WARN_UNREACHABLE_CODE = YES;
				CLANG_WARN__DUPLICATE_METHOD_MATCH = YES;
				"CODE_SIGN_IDENTITY[sdk=iphoneos*]" = "iPhone Developer";
				COPY_PHASE_STRIP = NO;
				DEBUG_INFORMATION_FORMAT = "dwarf-with-dsym";
				ENABLE_NS_ASSERTIONS = NO;
				ENABLE_STRICT_OBJC_MSGSEND = YES;
				GCC_C_LANGUAGE_STANDARD = gnu99;
				GCC_NO_COMMON_BLOCKS = YES;
				GCC_WARN_64_TO_32_BIT_CONVERSION = YES;
				GCC_WARN_ABOUT_RETURN_TYPE = YES_ERROR;
				GCC_WARN_UNDECLARED_SELECTOR = YES;
				GCC_WARN_UNINITIALIZED_AUTOS = YES_AGGRESSIVE;
				GCC_WARN_UNUSED_FUNCTION = YES;
				GCC_WARN_UNUSED_VARIABLE = YES;
				IPHONEOS_DEPLOYMENT_TARGET = 9.2;
				MTL_ENABLE_DEBUG_INFO = NO;
				SDKROOT = iphoneos;
				TARGETED_DEVICE_FAMILY = "1,2";
				VALIDATE_PRODUCT = YES;
			};
			name = Release;
		};
		77C5A78D1CA041A600F161DD /* Debug */ = {
			isa = XCBuildConfiguration;
			buildSettings = {
				ASSETCATALOG_COMPILER_APPICON_NAME = AppIcon;
				INFOPLIST_FILE = dasd/Info.plist;
				LD_RUNPATH_SEARCH_PATHS = "$(inherited) @executable_path/Frameworks";
				PRODUCT_BUNDLE_IDENTIFIER = azui.dasd;
				PRODUCT_NAME = "$(TARGET_NAME)";
			};
			name = Debug;
		};
		77C5A78E1CA041A600F161DD /* Release */ = {
			isa = XCBuildConfiguration;
			buildSettings = {
				ASSETCATALOG_COMPILER_APPICON_NAME = AppIcon;
				INFOPLIST_FILE = dasd/Info.plist;
				LD_RUNPATH_SEARCH_PATHS = "$(inherited) @executable_path/Frameworks";
				PRODUCT_BUNDLE_IDENTIFIER = azui.dasd;
				PRODUCT_NAME = "$(TARGET_NAME)";
			};
			name = Release;
		};
		77C5A7901CA041A600F161DD /* Debug */ = {
			isa = XCBuildConfiguration;
			buildSettings = {
				BUNDLE_LOADER = "$(TEST_HOST)";
				INFOPLIST_FILE = dasdTests/Info.plist;
				LD_RUNPATH_SEARCH_PATHS = "$(inherited) @executable_path/Frameworks @loader_path/Frameworks";
				PRODUCT_BUNDLE_IDENTIFIER = azui.dasdTests;
				PRODUCT_NAME = "$(TARGET_NAME)";
				TEST_HOST = "$(BUILT_PRODUCTS_DIR)/dasd.app/dasd";
			};
			name = Debug;
		};
		77C5A7911CA041A600F161DD /* Release */ = {
			isa = XCBuildConfiguration;
			buildSettings = {
				BUNDLE_LOADER = "$(TEST_HOST)";
				INFOPLIST_FILE = dasdTests/Info.plist;
				LD_RUNPATH_SEARCH_PATHS = "$(inherited) @executable_path/Frameworks @loader_path/Frameworks";
				PRODUCT_BUNDLE_IDENTIFIER = azui.dasdTests;
				PRODUCT_NAME = "$(TARGET_NAME)";
				TEST_HOST = "$(BUILT_PRODUCTS_DIR)/dasd.app/dasd";
			};
			name = Release;
		};
		77C5A7931CA041A600F161DD /* Debug */ = {
			isa = XCBuildConfiguration;
			buildSettings = {
				INFOPLIST_FILE = dasdUITests/Info.plist;
				LD_RUNPATH_SEARCH_PATHS = "$(inherited) @executable_path/Frameworks @loader_path/Frameworks";
				PRODUCT_BUNDLE_IDENTIFIER = azui.dasdUITests;
				PRODUCT_NAME = "$(TARGET_NAME)";
				TEST_TARGET_NAME = dasd;
				USES_XCTRUNNER = YES;
			};
			name = Debug;
		};
		77C5A7941CA041A600F161DD /* Release */ = {
			isa = XCBuildConfiguration;
			buildSettings = {
				INFOPLIST_FILE = dasdUITests/Info.plist;
				LD_RUNPATH_SEARCH_PATHS = "$(inherited) @executable_path/Frameworks @loader_path/Frameworks";
				PRODUCT_BUNDLE_IDENTIFIER = azui.dasdUITests;
				PRODUCT_NAME = "$(TARGET_NAME)";
				TEST_TARGET_NAME = dasd;
				USES_XCTRUNNER = YES;
			};
			name = Release;
		};
/* End XCBuildConfiguration section */

/* Begin XCConfigurationList section */
		77C5A75A1CA041A600F161DD /* Build configuration list for PBXProject "dasd" */ = {
			isa = XCConfigurationList;
			buildConfigurations = (
				77C5A78A1CA041A600F161DD /* Debug */,
				77C5A78B1CA041A600F161DD /* Release */,
			);
			defaultConfigurationIsVisible = 0;
			defaultConfigurationName = Release;
		};
		77C5A78C1CA041A600F161DD /* Build configuration list for PBXNativeTarget "dasd" */ = {
			isa = XCConfigurationList;
			buildConfigurations = (
				77C5A78D1CA041A600F161DD /* Debug */,
				77C5A78E1CA041A600F161DD /* Release */,
			);
			defaultConfigurationIsVisible = 0;
		};
		77C5A78F1CA041A600F161DD /* Build configuration list for PBXNativeTarget "dasdTests" */ = {
			isa = XCConfigurationList;
			buildConfigurations = (
				77C5A7901CA041A600F161DD /* Debug */,
				77C5A7911CA041A600F161DD /* Release */,
			);
			defaultConfigurationIsVisible = 0;
		};
		77C5A7921CA041A600F161DD /* Build configuration list for PBXNativeTarget "dasdUITests" */ = {
			isa = XCConfigurationList;
			buildConfigurations = (
				77C5A7931CA041A600F161DD /* Debug */,
				77C5A7941CA041A600F161DD /* Release */,
			);
			defaultConfigurationIsVisible = 0;
		};
/* End XCConfigurationList section */
	};
	rootObject = 77C5A7571CA041A600F161DD /* Project object */;
}
